// !$*UTF8*$!
{
	archiveVersion = 1;
	classes = {
	};
	objectVersion = 46;
	objects = {

/* Begin PBXBuildFile section */
		BFEE069D190632F00024E7B5 /* Foundation.framework in Frameworks */ = {isa = PBXBuildFile; fileRef = BFEE069C190632F00024E7B5 /* Foundation.framework */; };
		BFEE069F190632F10024E7B5 /* CoreGraphics.framework in Frameworks */ = {isa = PBXBuildFile; fileRef = BFEE069E190632F00024E7B5 /* CoreGraphics.framework */; };
		BFEE06A1190632F10024E7B5 /* UIKit.framework in Frameworks */ = {isa = PBXBuildFile; fileRef = BFEE06A0190632F10024E7B5 /* UIKit.framework */; };
		BFEE06A7190632F10024E7B5 /* InfoPlist.strings in Resources */ = {isa = PBXBuildFile; fileRef = BFEE06A5190632F10024E7B5 /* InfoPlist.strings */; };
		BFEE06A9190632F10024E7B5 /* main.m in Sources */ = {isa = PBXBuildFile; fileRef = BFEE06A8190632F10024E7B5 /* main.m */; };
		BFEE06AD190632F10024E7B5 /* AppDelegate.m in Sources */ = {isa = PBXBuildFile; fileRef = BFEE06AC190632F10024E7B5 /* AppDelegate.m */; };
		BFEE06AF190632F10024E7B5 /* Images.xcassets in Resources */ = {isa = PBXBuildFile; fileRef = BFEE06AE190632F10024E7B5 /* Images.xcassets */; };
		BFEE06B6190632F10024E7B5 /* XCTest.framework in Frameworks */ = {isa = PBXBuildFile; fileRef = BFEE06B5190632F10024E7B5 /* XCTest.framework */; };
		BFEE06B7190632F10024E7B5 /* Foundation.framework in Frameworks */ = {isa = PBXBuildFile; fileRef = BFEE069C190632F00024E7B5 /* Foundation.framework */; };
		BFEE06B8190632F10024E7B5 /* UIKit.framework in Frameworks */ = {isa = PBXBuildFile; fileRef = BFEE06A0190632F10024E7B5 /* UIKit.framework */; };
		BFEE06C0190632F10024E7B5 /* InfoPlist.strings in Resources */ = {isa = PBXBuildFile; fileRef = BFEE06BE190632F10024E7B5 /* InfoPlist.strings */; };
		BFEE06C2190632F10024E7B5 /* PassesForLatemealTests.m in Sources */ = {isa = PBXBuildFile; fileRef = BFEE06C1190632F10024E7B5 /* PassesForLatemealTests.m */; };
/* End PBXBuildFile section */

/* Begin PBXContainerItemProxy section */
		BFEE06B9190632F10024E7B5 /* PBXContainerItemProxy */ = {
			isa = PBXContainerItemProxy;
			containerPortal = BFEE0691190632F00024E7B5 /* Project object */;
			proxyType = 1;
			remoteGlobalIDString = BFEE0698190632F00024E7B5;
			remoteInfo = PassesForLatemeal;
		};
/* End PBXContainerItemProxy section */

/* Begin PBXFileReference section */
		BFEE0699190632F00024E7B5 /* PassesForLatemeal.app */ = {isa = PBXFileReference; explicitFileType = wrapper.application; includeInIndex = 0; path = PassesForLatemeal.app; sourceTree = BUILT_PRODUCTS_DIR; };
		BFEE069C190632F00024E7B5 /* Foundation.framework */ = {isa = PBXFileReference; lastKnownFileType = wrapper.framework; name = Foundation.framework; path = System/Library/Frameworks/Foundation.framework; sourceTree = SDKROOT; };
		BFEE069E190632F00024E7B5 /* CoreGraphics.framework */ = {isa = PBXFileReference; lastKnownFileType = wrapper.framework; name = CoreGraphics.framework; path = System/Library/Frameworks/CoreGraphics.framework; sourceTree = SDKROOT; };
		BFEE06A0190632F10024E7B5 /* UIKit.framework */ = {isa = PBXFileReference; lastKnownFileType = wrapper.framework; name = UIKit.framework; path = System/Library/Frameworks/UIKit.framework; sourceTree = SDKROOT; };
		BFEE06A4190632F10024E7B5 /* PassesForLatemeal-Info.plist */ = {isa = PBXFileReference; lastKnownFileType = text.plist.xml; path = "PassesForLatemeal-Info.plist"; sourceTree = "<group>"; };
		BFEE06A6190632F10024E7B5 /* en */ = {isa = PBXFileReference; lastKnownFileType = text.plist.strings; name = en; path = en.lproj/InfoPlist.strings; sourceTree = "<group>"; };
		BFEE06A8190632F10024E7B5 /* main.m */ = {isa = PBXFileReference; lastKnownFileType = sourcecode.c.objc; path = main.m; sourceTree = "<group>"; };
		BFEE06AA190632F10024E7B5 /* PassesForLatemeal-Prefix.pch */ = {isa = PBXFileReference; lastKnownFileType = sourcecode.c.h; path = "PassesForLatemeal-Prefix.pch"; sourceTree = "<group>"; };
		BFEE06AB190632F10024E7B5 /* AppDelegate.h */ = {isa = PBXFileReference; lastKnownFileType = sourcecode.c.h; path = AppDelegate.h; sourceTree = "<group>"; };
		BFEE06AC190632F10024E7B5 /* AppDelegate.m */ = {isa = PBXFileReference; lastKnownFileType = sourcecode.c.objc; path = AppDelegate.m; sourceTree = "<group>"; };
		BFEE06AE190632F10024E7B5 /* Images.xcassets */ = {isa = PBXFileReference; lastKnownFileType = folder.assetcatalog; path = Images.xcassets; sourceTree = "<group>"; };
		BFEE06B4190632F10024E7B5 /* PassesForLatemealTests.xctest */ = {isa = PBXFileReference; explicitFileType = wrapper.cfbundle; includeInIndex = 0; path = PassesForLatemealTests.xctest; sourceTree = BUILT_PRODUCTS_DIR; };
		BFEE06B5190632F10024E7B5 /* XCTest.framework */ = {isa = PBXFileReference; lastKnownFileType = wrapper.framework; name = XCTest.framework; path = Library/Frameworks/XCTest.framework; sourceTree = DEVELOPER_DIR; };
		BFEE06BD190632F10024E7B5 /* PassesForLatemealTests-Info.plist */ = {isa = PBXFileReference; lastKnownFileType = text.plist.xml; path = "PassesForLatemealTests-Info.plist"; sourceTree = "<group>"; };
		BFEE06BF190632F10024E7B5 /* en */ = {isa = PBXFileReference; lastKnownFileType = text.plist.strings; name = en; path = en.lproj/InfoPlist.strings; sourceTree = "<group>"; };
		BFEE06C1190632F10024E7B5 /* PassesForLatemealTests.m */ = {isa = PBXFileReference; lastKnownFileType = sourcecode.c.objc; path = PassesForLatemealTests.m; sourceTree = "<group>"; };
/* End PBXFileReference section */

/* Begin PBXFrameworksBuildPhase section */
		BFEE0696190632F00024E7B5 /* Frameworks */ = {
			isa = PBXFrameworksBuildPhase;
			buildActionMask = 2147483647;
			files = (
				BFEE069F190632F10024E7B5 /* CoreGraphics.framework in Frameworks */,
				BFEE06A1190632F10024E7B5 /* UIKit.framework in Frameworks */,
				BFEE069D190632F00024E7B5 /* Foundation.framework in Frameworks */,
			);
			runOnlyForDeploymentPostprocessing = 0;
		};
		BFEE06B1190632F10024E7B5 /* Frameworks */ = {
			isa = PBXFrameworksBuildPhase;
			buildActionMask = 2147483647;
			files = (
				BFEE06B6190632F10024E7B5 /* XCTest.framework in Frameworks */,
				BFEE06B8190632F10024E7B5 /* UIKit.framework in Frameworks */,
				BFEE06B7190632F10024E7B5 /* Foundation.framework in Frameworks */,
			);
			runOnlyForDeploymentPostprocessing = 0;
		};
/* End PBXFrameworksBuildPhase section */

/* Begin PBXGroup section */
		BFEE0690190632F00024E7B5 = {
			isa = PBXGroup;
			children = (
				BFEE06A2190632F10024E7B5 /* PassesForLatemeal */,
				BFEE06BB190632F10024E7B5 /* PassesForLatemealTests */,
				BFEE069B190632F00024E7B5 /* Frameworks */,
				BFEE069A190632F00024E7B5 /* Products */,
			);
			sourceTree = "<group>";
		};
		BFEE069A190632F00024E7B5 /* Products */ = {
			isa = PBXGroup;
			children = (
				BFEE0699190632F00024E7B5 /* PassesForLatemeal.app */,
				BFEE06B4190632F10024E7B5 /* PassesForLatemealTests.xctest */,
			);
			name = Products;
			sourceTree = "<group>";
		};
		BFEE069B190632F00024E7B5 /* Frameworks */ = {
			isa = PBXGroup;
			children = (
				BFEE069C190632F00024E7B5 /* Foundation.framework */,
				BFEE069E190632F00024E7B5 /* CoreGraphics.framework */,
				BFEE06A0190632F10024E7B5 /* UIKit.framework */,
				BFEE06B5190632F10024E7B5 /* XCTest.framework */,
			);
			name = Frameworks;
			sourceTree = "<group>";
		};
		BFEE06A2190632F10024E7B5 /* PassesForLatemeal */ = {
			isa = PBXGroup;
			children = (
				BFEE06AB190632F10024E7B5 /* AppDelegate.h */,
				BFEE06AC190632F10024E7B5 /* AppDelegate.m */,
				BFEE06AE190632F10024E7B5 /* Images.xcassets */,
				BFEE06A3190632F10024E7B5 /* Supporting Files */,
			);
			path = PassesForLatemeal;
			sourceTree = "<group>";
		};
		BFEE06A3190632F10024E7B5 /* Supporting Files */ = {
			isa = PBXGroup;
			children = (
				BFEE06A4190632F10024E7B5 /* PassesForLatemeal-Info.plist */,
				BFEE06A5190632F10024E7B5 /* InfoPlist.strings */,
				BFEE06A8190632F10024E7B5 /* main.m */,
				BFEE06AA190632F10024E7B5 /* PassesForLatemeal-Prefix.pch */,
			);
			name = "Supporting Files";
			sourceTree = "<group>";
		};
		BFEE06BB190632F10024E7B5 /* PassesForLatemealTests */ = {
			isa = PBXGroup;
			children = (
				BFEE06C1190632F10024E7B5 /* PassesForLatemealTests.m */,
				BFEE06BC190632F10024E7B5 /* Supporting Files */,
			);
			path = PassesForLatemealTests;
			sourceTree = "<group>";
		};
		BFEE06BC190632F10024E7B5 /* Supporting Files */ = {
			isa = PBXGroup;
			children = (
				BFEE06BD190632F10024E7B5 /* PassesForLatemealTests-Info.plist */,
				BFEE06BE190632F10024E7B5 /* InfoPlist.strings */,
			);
			name = "Supporting Files";
			sourceTree = "<group>";
		};
/* End PBXGroup section */

/* Begin PBXNativeTarget section */
		BFEE0698190632F00024E7B5 /* PassesForLatemeal */ = {
			isa = PBXNativeTarget;
			buildConfigurationList = BFEE06C5190632F10024E7B5 /* Build configuration list for PBXNativeTarget "PassesForLatemeal" */;
			buildPhases = (
				BFEE0695190632F00024E7B5 /* Sources */,
				BFEE0696190632F00024E7B5 /* Frameworks */,
				BFEE0697190632F00024E7B5 /* Resources */,
			);
			buildRules = (
			);
			dependencies = (
			);
			name = PassesForLatemeal;
			productName = PassesForLatemeal;
			productReference = BFEE0699190632F00024E7B5 /* PassesForLatemeal.app */;
			productType = "com.apple.product-type.application";
		};
		BFEE06B3190632F10024E7B5 /* PassesForLatemealTests */ = {
			isa = PBXNativeTarget;
			buildConfigurationList = BFEE06C8190632F10024E7B5 /* Build configuration list for PBXNativeTarget "PassesForLatemealTests" */;
			buildPhases = (
				BFEE06B0190632F10024E7B5 /* Sources */,
				BFEE06B1190632F10024E7B5 /* Frameworks */,
				BFEE06B2190632F10024E7B5 /* Resources */,
			);
			buildRules = (
			);
			dependencies = (
				BFEE06BA190632F10024E7B5 /* PBXTargetDependency */,
			);
			name = PassesForLatemealTests;
			productName = PassesForLatemealTests;
			productReference = BFEE06B4190632F10024E7B5 /* PassesForLatemealTests.xctest */;
			productType = "com.apple.product-type.bundle.unit-test";
		};
/* End PBXNativeTarget section */

/* Begin PBXProject section */
		BFEE0691190632F00024E7B5 /* Project object */ = {
			isa = PBXProject;
			attributes = {
				LastUpgradeCheck = 0510;
				ORGANIZATIONNAME = PassesForLatemeal;
				TargetAttributes = {
					BFEE06B3190632F10024E7B5 = {
						TestTargetID = BFEE0698190632F00024E7B5;
					};
				};
			};
			buildConfigurationList = BFEE0694190632F00024E7B5 /* Build configuration list for PBXProject "PassesForLatemeal" */;
			compatibilityVersion = "Xcode 3.2";
			developmentRegion = English;
			hasScannedForEncodings = 0;
			knownRegions = (
				en,
			);
			mainGroup = BFEE0690190632F00024E7B5;
			productRefGroup = BFEE069A190632F00024E7B5 /* Products */;
			projectDirPath = "";
			projectRoot = "";
			targets = (
				BFEE0698190632F00024E7B5 /* PassesForLatemeal */,
				BFEE06B3190632F10024E7B5 /* PassesForLatemealTests */,
			);
		};
/* End PBXProject section */

/* Begin PBXResourcesBuildPhase section */
		BFEE0697190632F00024E7B5 /* Resources */ = {
			isa = PBXResourcesBuildPhase;
			buildActionMask = 2147483647;
			files = (
				BFEE06A7190632F10024E7B5 /* InfoPlist.strings in Resources */,
				BFEE06AF190632F10024E7B5 /* Images.xcassets in Resources */,
			);
			runOnlyForDeploymentPostprocessing = 0;
		};
		BFEE06B2190632F10024E7B5 /* Resources */ = {
			isa = PBXResourcesBuildPhase;
			buildActionMask = 2147483647;
			files = (
				BFEE06C0190632F10024E7B5 /* InfoPlist.strings in Resources */,
			);
			runOnlyForDeploymentPostprocessing = 0;
		};
/* End PBXResourcesBuildPhase section */

/* Begin PBXSourcesBuildPhase section */
		BFEE0695190632F00024E7B5 /* Sources */ = {
			isa = PBXSourcesBuildPhase;
			buildActionMask = 2147483647;
			files = (
				BFEE06AD190632F10024E7B5 /* AppDelegate.m in Sources */,
				BFEE06A9190632F10024E7B5 /* main.m in Sources */,
			);
			runOnlyForDeploymentPostprocessing = 0;
		};
		BFEE06B0190632F10024E7B5 /* Sources */ = {
			isa = PBXSourcesBuildPhase;
			buildActionMask = 2147483647;
			files = (
				BFEE06C2190632F10024E7B5 /* PassesForLatemealTests.m in Sources */,
			);
			runOnlyForDeploymentPostprocessing = 0;
		};
/* End PBXSourcesBuildPhase section */

/* Begin PBXTargetDependency section */
		BFEE06BA190632F10024E7B5 /* PBXTargetDependency */ = {
			isa = PBXTargetDependency;
			target = BFEE0698190632F00024E7B5 /* PassesForLatemeal */;
			targetProxy = BFEE06B9190632F10024E7B5 /* PBXContainerItemProxy */;
		};
/* End PBXTargetDependency section */

/* Begin PBXVariantGroup section */
		BFEE06A5190632F10024E7B5 /* InfoPlist.strings */ = {
			isa = PBXVariantGroup;
			children = (
				BFEE06A6190632F10024E7B5 /* en */,
			);
			name = InfoPlist.strings;
			sourceTree = "<group>";
		};
		BFEE06BE190632F10024E7B5 /* InfoPlist.strings */ = {
			isa = PBXVariantGroup;
			children = (
				BFEE06BF190632F10024E7B5 /* en */,
			);
			name = InfoPlist.strings;
			sourceTree = "<group>";
		};
/* End PBXVariantGroup section */

/* Begin XCBuildConfiguration section */
		BFEE06C3190632F10024E7B5 /* Debug */ = {
			isa = XCBuildConfiguration;
			buildSettings = {
				ALWAYS_SEARCH_USER_PATHS = NO;
				CLANG_CXX_LANGUAGE_STANDARD = "gnu++0x";
				CLANG_CXX_LIBRARY = "libc++";
				CLANG_ENABLE_MODULES = YES;
				CLANG_ENABLE_OBJC_ARC = YES;
				CLANG_WARN_BOOL_CONVERSION = YES;
				CLANG_WARN_CONSTANT_CONVERSION = YES;
				CLANG_WARN_DIRECT_OBJC_ISA_USAGE = YES_ERROR;
				CLANG_WARN_EMPTY_BODY = YES;
				CLANG_WARN_ENUM_CONVERSION = YES;
				CLANG_WARN_INT_CONVERSION = YES;
				CLANG_WARN_OBJC_ROOT_CLASS = YES_ERROR;
				CLANG_WARN__DUPLICATE_METHOD_MATCH = YES;
				"CODE_SIGN_IDENTITY[sdk=iphoneos*]" = "iPhone Developer";
				COPY_PHASE_STRIP = NO;
				GCC_C_LANGUAGE_STANDARD = gnu99;
				GCC_DYNAMIC_NO_PIC = NO;
				GCC_OPTIMIZATION_LEVEL = 0;
				GCC_PREPROCESSOR_DEFINITIONS = (
					"DEBUG=1",
					"$(inherited)",
				);
				GCC_SYMBOLS_PRIVATE_EXTERN = NO;
				GCC_WARN_64_TO_32_BIT_CONVERSION = YES;
				GCC_WARN_ABOUT_RETURN_TYPE = YES_ERROR;
				GCC_WARN_UNDECLARED_SELECTOR = YES;
				GCC_WARN_UNINITIALIZED_AUTOS = YES_AGGRESSIVE;
				GCC_WARN_UNUSED_FUNCTION = YES;
				GCC_WARN_UNUSED_VARIABLE = YES;
				IPHONEOS_DEPLOYMENT_TARGET = 7.1;
				ONLY_ACTIVE_ARCH = YES;
				SDKROOT = iphoneos;
				TARGETED_DEVICE_FAMILY = "1,2";
			};
			name = Debug;
		};
		BFEE06C4190632F10024E7B5 /* Release */ = {
			isa = XCBuildConfiguration;
			buildSettings = {
				ALWAYS_SEARCH_USER_PATHS = NO;
				CLANG_CXX_LANGUAGE_STANDARD = "gnu++0x";
				CLANG_CXX_LIBRARY = "libc++";
				CLANG_ENABLE_MODULES = YES;
				CLANG_ENABLE_OBJC_ARC = YES;
				CLANG_WARN_BOOL_CONVERSION = YES;
				CLANG_WARN_CONSTANT_CONVERSION = YES;
				CLANG_WARN_DIRECT_OBJC_ISA_USAGE = YES_ERROR;
				CLANG_WARN_EMPTY_BODY = YES;
				CLANG_WARN_ENUM_CONVERSION = YES;
				CLANG_WARN_INT_CONVERSION = YES;
				CLANG_WARN_OBJC_ROOT_CLASS = YES_ERROR;
				CLANG_WARN__DUPLICATE_METHOD_MATCH = YES;
				"CODE_SIGN_IDENTITY[sdk=iphoneos*]" = "iPhone Developer";
				COPY_PHASE_STRIP = YES;
				ENABLE_NS_ASSERTIONS = NO;
				GCC_C_LANGUAGE_STANDARD = gnu99;
				GCC_WARN_64_TO_32_BIT_CONVERSION = YES;
				GCC_WARN_ABOUT_RETURN_TYPE = YES_ERROR;
				GCC_WARN_UNDECLARED_SELECTOR = YES;
				GCC_WARN_UNINITIALIZED_AUTOS = YES_AGGRESSIVE;
				GCC_WARN_UNUSED_FUNCTION = YES;
				GCC_WARN_UNUSED_VARIABLE = YES;
				IPHONEOS_DEPLOYMENT_TARGET = 7.1;
				SDKROOT = iphoneos;
				TARGETED_DEVICE_FAMILY = "1,2";
				VALIDATE_PRODUCT = YES;
			};
			name = Release;
		};
		BFEE06C6190632F10024E7B5 /* Debug */ = {
			isa = XCBuildConfiguration;
			buildSettings = {
				ASSETCATALOG_COMPILER_APPICON_NAME = AppIcon;
				ASSETCATALOG_COMPILER_LAUNCHIMAGE_NAME = LaunchImage;
				GCC_PRECOMPILE_PREFIX_HEADER = YES;
				GCC_PREFIX_HEADER = "PassesForLatemeal/PassesForLatemeal-Prefix.pch";
				INFOPLIST_FILE = "PassesForLatemeal/PassesForLatemeal-Info.plist";
				PRODUCT_NAME = "$(TARGET_NAME)";
				WRAPPER_EXTENSION = app;
			};
			name = Debug;
		};
		BFEE06C7190632F10024E7B5 /* Release */ = {
			isa = XCBuildConfiguration;
			buildSettings = {
				ASSETCATALOG_COMPILER_APPICON_NAME = AppIcon;
				ASSETCATALOG_COMPILER_LAUNCHIMAGE_NAME = LaunchImage;
				GCC_PRECOMPILE_PREFIX_HEADER = YES;
				GCC_PREFIX_HEADER = "PassesForLatemeal/PassesForLatemeal-Prefix.pch";
				INFOPLIST_FILE = "PassesForLatemeal/PassesForLatemeal-Info.plist";
				PRODUCT_NAME = "$(TARGET_NAME)";
				WRAPPER_EXTENSION = app;
			};
			name = Release;
		};
		BFEE06C9190632F10024E7B5 /* Debug */ = {
			isa = XCBuildConfiguration;
			buildSettings = {
				BUNDLE_LOADER = "$(BUILT_PRODUCTS_DIR)/PassesForLatemeal.app/PassesForLatemeal";
				FRAMEWORK_SEARCH_PATHS = (
					"$(SDKROOT)/Developer/Library/Frameworks",
					"$(inherited)",
					"$(DEVELOPER_FRAMEWORKS_DIR)",
				);
				GCC_PRECOMPILE_PREFIX_HEADER = YES;
				GCC_PREFIX_HEADER = "PassesForLatemeal/PassesForLatemeal-Prefix.pch";
				GCC_PREPROCESSOR_DEFINITIONS = (
					"DEBUG=1",
					"$(inherited)",
				);
				INFOPLIST_FILE = "PassesForLatemealTests/PassesForLatemealTests-Info.plist";
				PRODUCT_NAME = "$(TARGET_NAME)";
				TEST_HOST = "$(BUNDLE_LOADER)";
				WRAPPER_EXTENSION = xctest;
			};
			name = Debug;
		};
		BFEE06CA190632F10024E7B5 /* Release */ = {
			isa = XCBuildConfiguration;
			buildSettings = {
				BUNDLE_LOADER = "$(BUILT_PRODUCTS_DIR)/PassesForLatemeal.app/PassesForLatemeal";
				FRAMEWORK_SEARCH_PATHS = (
					"$(SDKROOT)/Developer/Library/Frameworks",
					"$(inherited)",
					"$(DEVELOPER_FRAMEWORKS_DIR)",
				);
				GCC_PRECOMPILE_PREFIX_HEADER = YES;
				GCC_PREFIX_HEADER = "PassesForLatemeal/PassesForLatemeal-Prefix.pch";
				INFOPLIST_FILE = "PassesForLatemealTests/PassesForLatemealTests-Info.plist";
				PRODUCT_NAME = "$(TARGET_NAME)";
				TEST_HOST = "$(BUNDLE_LOADER)";
				WRAPPER_EXTENSION = xctest;
			};
			name = Release;
		};
/* End XCBuildConfiguration section */

/* Begin XCConfigurationList section */
		BFEE0694190632F00024E7B5 /* Build configuration list for PBXProject "PassesForLatemeal" */ = {
			isa = XCConfigurationList;
			buildConfigurations = (
				BFEE06C3190632F10024E7B5 /* Debug */,
				BFEE06C4190632F10024E7B5 /* Release */,
			);
			defaultConfigurationIsVisible = 0;
			defaultConfigurationName = Release;
		};
		BFEE06C5190632F10024E7B5 /* Build configuration list for PBXNativeTarget "PassesForLatemeal" */ = {
			isa = XCConfigurationList;
			buildConfigurations = (
				BFEE06C6190632F10024E7B5 /* Debug */,
				BFEE06C7190632F10024E7B5 /* Release */,
			);
			defaultConfigurationIsVisible = 0;
		};
		BFEE06C8190632F10024E7B5 /* Build configuration list for PBXNativeTarget "PassesForLatemealTests" */ = {
			isa = XCConfigurationList;
			buildConfigurations = (
				BFEE06C9190632F10024E7B5 /* Debug */,
				BFEE06CA190632F10024E7B5 /* Release */,
			);
			defaultConfigurationIsVisible = 0;
		};
/* End XCConfigurationList section */
	};
	rootObject = BFEE0691190632F00024E7B5 /* Project object */;
}
