// !$*UTF8*$!
{
	archiveVersion = 1;
	classes = {
	};
	objectVersion = 46;
	objects = {

/* Begin PBXBuildFile section */
		BF0F40A818F9E5A900F4E7AF /* Foundation.framework in Frameworks */ = {isa = PBXBuildFile; fileRef = BF0F40A718F9E5A900F4E7AF /* Foundation.framework */; };
		BF0F40AA18F9E5A900F4E7AF /* CoreGraphics.framework in Frameworks */ = {isa = PBXBuildFile; fileRef = BF0F40A918F9E5A900F4E7AF /* CoreGraphics.framework */; };
		BF0F40AC18F9E5A900F4E7AF /* UIKit.framework in Frameworks */ = {isa = PBXBuildFile; fileRef = BF0F40AB18F9E5A900F4E7AF /* UIKit.framework */; };
		BF0F40B218F9E5A900F4E7AF /* InfoPlist.strings in Resources */ = {isa = PBXBuildFile; fileRef = BF0F40B018F9E5A900F4E7AF /* InfoPlist.strings */; };
		BF0F40B418F9E5A900F4E7AF /* main.m in Sources */ = {isa = PBXBuildFile; fileRef = BF0F40B318F9E5A900F4E7AF /* main.m */; };
		BF0F40B818F9E5A900F4E7AF /* AppDelegate.m in Sources */ = {isa = PBXBuildFile; fileRef = BF0F40B718F9E5A900F4E7AF /* AppDelegate.m */; };
		BF0F40BA18F9E5A900F4E7AF /* Images.xcassets in Resources */ = {isa = PBXBuildFile; fileRef = BF0F40B918F9E5A900F4E7AF /* Images.xcassets */; };
		BF0F40C118F9E5A900F4E7AF /* XCTest.framework in Frameworks */ = {isa = PBXBuildFile; fileRef = BF0F40C018F9E5A900F4E7AF /* XCTest.framework */; };
		BF0F40C218F9E5A900F4E7AF /* Foundation.framework in Frameworks */ = {isa = PBXBuildFile; fileRef = BF0F40A718F9E5A900F4E7AF /* Foundation.framework */; };
		BF0F40C318F9E5A900F4E7AF /* UIKit.framework in Frameworks */ = {isa = PBXBuildFile; fileRef = BF0F40AB18F9E5A900F4E7AF /* UIKit.framework */; };
		BF0F40CB18F9E5A900F4E7AF /* InfoPlist.strings in Resources */ = {isa = PBXBuildFile; fileRef = BF0F40C918F9E5A900F4E7AF /* InfoPlist.strings */; };
		BF0F40CD18F9E5A900F4E7AF /* Passes_for_LatemealTests.m in Sources */ = {isa = PBXBuildFile; fileRef = BF0F40CC18F9E5A900F4E7AF /* Passes_for_LatemealTests.m */; };
/* End PBXBuildFile section */

/* Begin PBXContainerItemProxy section */
		BF0F40C418F9E5A900F4E7AF /* PBXContainerItemProxy */ = {
			isa = PBXContainerItemProxy;
			containerPortal = BF0F409C18F9E5A900F4E7AF /* Project object */;
			proxyType = 1;
			remoteGlobalIDString = BF0F40A318F9E5A900F4E7AF;
			remoteInfo = "Passes for Latemeal";
		};
/* End PBXContainerItemProxy section */

/* Begin PBXFileReference section */
		BF0F40A418F9E5A900F4E7AF /* Passes for Latemeal.app */ = {isa = PBXFileReference; explicitFileType = wrapper.application; includeInIndex = 0; path = "Passes for Latemeal.app"; sourceTree = BUILT_PRODUCTS_DIR; };
		BF0F40A718F9E5A900F4E7AF /* Foundation.framework */ = {isa = PBXFileReference; lastKnownFileType = wrapper.framework; name = Foundation.framework; path = System/Library/Frameworks/Foundation.framework; sourceTree = SDKROOT; };
		BF0F40A918F9E5A900F4E7AF /* CoreGraphics.framework */ = {isa = PBXFileReference; lastKnownFileType = wrapper.framework; name = CoreGraphics.framework; path = System/Library/Frameworks/CoreGraphics.framework; sourceTree = SDKROOT; };
		BF0F40AB18F9E5A900F4E7AF /* UIKit.framework */ = {isa = PBXFileReference; lastKnownFileType = wrapper.framework; name = UIKit.framework; path = System/Library/Frameworks/UIKit.framework; sourceTree = SDKROOT; };
		BF0F40AF18F9E5A900F4E7AF /* Passes for Latemeal-Info.plist */ = {isa = PBXFileReference; lastKnownFileType = text.plist.xml; path = "Passes for Latemeal-Info.plist"; sourceTree = "<group>"; };
		BF0F40B118F9E5A900F4E7AF /* en */ = {isa = PBXFileReference; lastKnownFileType = text.plist.strings; name = en; path = en.lproj/InfoPlist.strings; sourceTree = "<group>"; };
		BF0F40B318F9E5A900F4E7AF /* main.m */ = {isa = PBXFileReference; lastKnownFileType = sourcecode.c.objc; path = main.m; sourceTree = "<group>"; };
		BF0F40B518F9E5A900F4E7AF /* Passes for Latemeal-Prefix.pch */ = {isa = PBXFileReference; lastKnownFileType = sourcecode.c.h; path = "Passes for Latemeal-Prefix.pch"; sourceTree = "<group>"; };
		BF0F40B618F9E5A900F4E7AF /* AppDelegate.h */ = {isa = PBXFileReference; lastKnownFileType = sourcecode.c.h; path = AppDelegate.h; sourceTree = "<group>"; };
		BF0F40B718F9E5A900F4E7AF /* AppDelegate.m */ = {isa = PBXFileReference; lastKnownFileType = sourcecode.c.objc; path = AppDelegate.m; sourceTree = "<group>"; };
		BF0F40B918F9E5A900F4E7AF /* Images.xcassets */ = {isa = PBXFileReference; lastKnownFileType = folder.assetcatalog; path = Images.xcassets; sourceTree = "<group>"; };
		BF0F40BF18F9E5A900F4E7AF /* Passes for LatemealTests.xctest */ = {isa = PBXFileReference; explicitFileType = wrapper.cfbundle; includeInIndex = 0; path = "Passes for LatemealTests.xctest"; sourceTree = BUILT_PRODUCTS_DIR; };
		BF0F40C018F9E5A900F4E7AF /* XCTest.framework */ = {isa = PBXFileReference; lastKnownFileType = wrapper.framework; name = XCTest.framework; path = Library/Frameworks/XCTest.framework; sourceTree = DEVELOPER_DIR; };
		BF0F40C818F9E5A900F4E7AF /* Passes for LatemealTests-Info.plist */ = {isa = PBXFileReference; lastKnownFileType = text.plist.xml; path = "Passes for LatemealTests-Info.plist"; sourceTree = "<group>"; };
		BF0F40CA18F9E5A900F4E7AF /* en */ = {isa = PBXFileReference; lastKnownFileType = text.plist.strings; name = en; path = en.lproj/InfoPlist.strings; sourceTree = "<group>"; };
		BF0F40CC18F9E5A900F4E7AF /* Passes_for_LatemealTests.m */ = {isa = PBXFileReference; lastKnownFileType = sourcecode.c.objc; path = Passes_for_LatemealTests.m; sourceTree = "<group>"; };
/* End PBXFileReference section */

/* Begin PBXFrameworksBuildPhase section */
		BF0F40A118F9E5A900F4E7AF /* Frameworks */ = {
			isa = PBXFrameworksBuildPhase;
			buildActionMask = 2147483647;
			files = (
				BF0F40AA18F9E5A900F4E7AF /* CoreGraphics.framework in Frameworks */,
				BF0F40AC18F9E5A900F4E7AF /* UIKit.framework in Frameworks */,
				BF0F40A818F9E5A900F4E7AF /* Foundation.framework in Frameworks */,
			);
			runOnlyForDeploymentPostprocessing = 0;
		};
		BF0F40BC18F9E5A900F4E7AF /* Frameworks */ = {
			isa = PBXFrameworksBuildPhase;
			buildActionMask = 2147483647;
			files = (
				BF0F40C118F9E5A900F4E7AF /* XCTest.framework in Frameworks */,
				BF0F40C318F9E5A900F4E7AF /* UIKit.framework in Frameworks */,
				BF0F40C218F9E5A900F4E7AF /* Foundation.framework in Frameworks */,
			);
			runOnlyForDeploymentPostprocessing = 0;
		};
/* End PBXFrameworksBuildPhase section */

/* Begin PBXGroup section */
		BF0F409B18F9E5A900F4E7AF = {
			isa = PBXGroup;
			children = (
				BF0F40AD18F9E5A900F4E7AF /* Passes for Latemeal */,
				BF0F40C618F9E5A900F4E7AF /* Passes for LatemealTests */,
				BF0F40A618F9E5A900F4E7AF /* Frameworks */,
				BF0F40A518F9E5A900F4E7AF /* Products */,
			);
			sourceTree = "<group>";
		};
		BF0F40A518F9E5A900F4E7AF /* Products */ = {
			isa = PBXGroup;
			children = (
				BF0F40A418F9E5A900F4E7AF /* Passes for Latemeal.app */,
				BF0F40BF18F9E5A900F4E7AF /* Passes for LatemealTests.xctest */,
			);
			name = Products;
			sourceTree = "<group>";
		};
		BF0F40A618F9E5A900F4E7AF /* Frameworks */ = {
			isa = PBXGroup;
			children = (
				BF0F40A718F9E5A900F4E7AF /* Foundation.framework */,
				BF0F40A918F9E5A900F4E7AF /* CoreGraphics.framework */,
				BF0F40AB18F9E5A900F4E7AF /* UIKit.framework */,
				BF0F40C018F9E5A900F4E7AF /* XCTest.framework */,
			);
			name = Frameworks;
			sourceTree = "<group>";
		};
		BF0F40AD18F9E5A900F4E7AF /* Passes for Latemeal */ = {
			isa = PBXGroup;
			children = (
				BF0F40B618F9E5A900F4E7AF /* AppDelegate.h */,
				BF0F40B718F9E5A900F4E7AF /* AppDelegate.m */,
				BF0F40B918F9E5A900F4E7AF /* Images.xcassets */,
				BF0F40AE18F9E5A900F4E7AF /* Supporting Files */,
			);
			path = "Passes for Latemeal";
			sourceTree = "<group>";
		};
		BF0F40AE18F9E5A900F4E7AF /* Supporting Files */ = {
			isa = PBXGroup;
			children = (
				BF0F40AF18F9E5A900F4E7AF /* Passes for Latemeal-Info.plist */,
				BF0F40B018F9E5A900F4E7AF /* InfoPlist.strings */,
				BF0F40B318F9E5A900F4E7AF /* main.m */,
				BF0F40B518F9E5A900F4E7AF /* Passes for Latemeal-Prefix.pch */,
			);
			name = "Supporting Files";
			sourceTree = "<group>";
		};
		BF0F40C618F9E5A900F4E7AF /* Passes for LatemealTests */ = {
			isa = PBXGroup;
			children = (
				BF0F40CC18F9E5A900F4E7AF /* Passes_for_LatemealTests.m */,
				BF0F40C718F9E5A900F4E7AF /* Supporting Files */,
			);
			path = "Passes for LatemealTests";
			sourceTree = "<group>";
		};
		BF0F40C718F9E5A900F4E7AF /* Supporting Files */ = {
			isa = PBXGroup;
			children = (
				BF0F40C818F9E5A900F4E7AF /* Passes for LatemealTests-Info.plist */,
				BF0F40C918F9E5A900F4E7AF /* InfoPlist.strings */,
			);
			name = "Supporting Files";
			sourceTree = "<group>";
		};
/* End PBXGroup section */

/* Begin PBXNativeTarget section */
		BF0F40A318F9E5A900F4E7AF /* Passes for Latemeal */ = {
			isa = PBXNativeTarget;
			buildConfigurationList = BF0F40D018F9E5A900F4E7AF /* Build configuration list for PBXNativeTarget "Passes for Latemeal" */;
			buildPhases = (
				BF0F40A018F9E5A900F4E7AF /* Sources */,
				BF0F40A118F9E5A900F4E7AF /* Frameworks */,
				BF0F40A218F9E5A900F4E7AF /* Resources */,
			);
			buildRules = (
			);
			dependencies = (
			);
			name = "Passes for Latemeal";
			productName = "Passes for Latemeal";
			productReference = BF0F40A418F9E5A900F4E7AF /* Passes for Latemeal.app */;
			productType = "com.apple.product-type.application";
		};
		BF0F40BE18F9E5A900F4E7AF /* Passes for LatemealTests */ = {
			isa = PBXNativeTarget;
			buildConfigurationList = BF0F40D318F9E5A900F4E7AF /* Build configuration list for PBXNativeTarget "Passes for LatemealTests" */;
			buildPhases = (
				BF0F40BB18F9E5A900F4E7AF /* Sources */,
				BF0F40BC18F9E5A900F4E7AF /* Frameworks */,
				BF0F40BD18F9E5A900F4E7AF /* Resources */,
			);
			buildRules = (
			);
			dependencies = (
				BF0F40C518F9E5A900F4E7AF /* PBXTargetDependency */,
			);
			name = "Passes for LatemealTests";
			productName = "Passes for LatemealTests";
			productReference = BF0F40BF18F9E5A900F4E7AF /* Passes for LatemealTests.xctest */;
			productType = "com.apple.product-type.bundle.unit-test";
		};
/* End PBXNativeTarget section */

/* Begin PBXProject section */
		BF0F409C18F9E5A900F4E7AF /* Project object */ = {
			isa = PBXProject;
			attributes = {
				LastUpgradeCheck = 0510;
				ORGANIZATIONNAME = "Passes For Latemeal";
				TargetAttributes = {
					BF0F40BE18F9E5A900F4E7AF = {
						TestTargetID = BF0F40A318F9E5A900F4E7AF;
					};
				};
			};
			buildConfigurationList = BF0F409F18F9E5A900F4E7AF /* Build configuration list for PBXProject "Passes for Latemeal" */;
			compatibilityVersion = "Xcode 3.2";
			developmentRegion = English;
			hasScannedForEncodings = 0;
			knownRegions = (
				en,
			);
			mainGroup = BF0F409B18F9E5A900F4E7AF;
			productRefGroup = BF0F40A518F9E5A900F4E7AF /* Products */;
			projectDirPath = "";
			projectRoot = "";
			targets = (
				BF0F40A318F9E5A900F4E7AF /* Passes for Latemeal */,
				BF0F40BE18F9E5A900F4E7AF /* Passes for LatemealTests */,
			);
		};
/* End PBXProject section */

/* Begin PBXResourcesBuildPhase section */
		BF0F40A218F9E5A900F4E7AF /* Resources */ = {
			isa = PBXResourcesBuildPhase;
			buildActionMask = 2147483647;
			files = (
				BF0F40B218F9E5A900F4E7AF /* InfoPlist.strings in Resources */,
				BF0F40BA18F9E5A900F4E7AF /* Images.xcassets in Resources */,
			);
			runOnlyForDeploymentPostprocessing = 0;
		};
		BF0F40BD18F9E5A900F4E7AF /* Resources */ = {
			isa = PBXResourcesBuildPhase;
			buildActionMask = 2147483647;
			files = (
				BF0F40CB18F9E5A900F4E7AF /* InfoPlist.strings in Resources */,
			);
			runOnlyForDeploymentPostprocessing = 0;
		};
/* End PBXResourcesBuildPhase section */

/* Begin PBXSourcesBuildPhase section */
		BF0F40A018F9E5A900F4E7AF /* Sources */ = {
			isa = PBXSourcesBuildPhase;
			buildActionMask = 2147483647;
			files = (
				BF0F40B818F9E5A900F4E7AF /* AppDelegate.m in Sources */,
				BF0F40B418F9E5A900F4E7AF /* main.m in Sources */,
			);
			runOnlyForDeploymentPostprocessing = 0;
		};
		BF0F40BB18F9E5A900F4E7AF /* Sources */ = {
			isa = PBXSourcesBuildPhase;
			buildActionMask = 2147483647;
			files = (
				BF0F40CD18F9E5A900F4E7AF /* Passes_for_LatemealTests.m in Sources */,
			);
			runOnlyForDeploymentPostprocessing = 0;
		};
/* End PBXSourcesBuildPhase section */

/* Begin PBXTargetDependency section */
		BF0F40C518F9E5A900F4E7AF /* PBXTargetDependency */ = {
			isa = PBXTargetDependency;
			target = BF0F40A318F9E5A900F4E7AF /* Passes for Latemeal */;
			targetProxy = BF0F40C418F9E5A900F4E7AF /* PBXContainerItemProxy */;
		};
/* End PBXTargetDependency section */

/* Begin PBXVariantGroup section */
		BF0F40B018F9E5A900F4E7AF /* InfoPlist.strings */ = {
			isa = PBXVariantGroup;
			children = (
				BF0F40B118F9E5A900F4E7AF /* en */,
			);
			name = InfoPlist.strings;
			sourceTree = "<group>";
		};
		BF0F40C918F9E5A900F4E7AF /* InfoPlist.strings */ = {
			isa = PBXVariantGroup;
			children = (
				BF0F40CA18F9E5A900F4E7AF /* en */,
			);
			name = InfoPlist.strings;
			sourceTree = "<group>";
		};
/* End PBXVariantGroup section */

/* Begin XCBuildConfiguration section */
		BF0F40CE18F9E5A900F4E7AF /* Debug */ = {
			isa = XCBuildConfiguration;
			buildSettings = {
				ALWAYS_SEARCH_USER_PATHS = NO;
				CLANG_CXX_LANGUAGE_STANDARD = "gnu++0x";
				CLANG_CXX_LIBRARY = "libc++";
				CLANG_ENABLE_MODULES = YES;
				CLANG_ENABLE_OBJC_ARC = YES;
				CLANG_WARN_BOOL_CONVERSION = YES;
				CLANG_WARN_CONSTANT_CONVERSION = YES;
				CLANG_WARN_DIRECT_OBJC_ISA_USAGE = YES_ERROR;
				CLANG_WARN_EMPTY_BODY = YES;
				CLANG_WARN_ENUM_CONVERSION = YES;
				CLANG_WARN_INT_CONVERSION = YES;
				CLANG_WARN_OBJC_ROOT_CLASS = YES_ERROR;
				CLANG_WARN__DUPLICATE_METHOD_MATCH = YES;
				"CODE_SIGN_IDENTITY[sdk=iphoneos*]" = "iPhone Developer";
				COPY_PHASE_STRIP = NO;
				GCC_C_LANGUAGE_STANDARD = gnu99;
				GCC_DYNAMIC_NO_PIC = NO;
				GCC_OPTIMIZATION_LEVEL = 0;
				GCC_PREPROCESSOR_DEFINITIONS = (
					"DEBUG=1",
					"$(inherited)",
				);
				GCC_SYMBOLS_PRIVATE_EXTERN = NO;
				GCC_WARN_64_TO_32_BIT_CONVERSION = YES;
				GCC_WARN_ABOUT_RETURN_TYPE = YES_ERROR;
				GCC_WARN_UNDECLARED_SELECTOR = YES;
				GCC_WARN_UNINITIALIZED_AUTOS = YES_AGGRESSIVE;
				GCC_WARN_UNUSED_FUNCTION = YES;
				GCC_WARN_UNUSED_VARIABLE = YES;
				IPHONEOS_DEPLOYMENT_TARGET = 7.1;
				ONLY_ACTIVE_ARCH = YES;
				SDKROOT = iphoneos;
				TARGETED_DEVICE_FAMILY = "1,2";
			};
			name = Debug;
		};
		BF0F40CF18F9E5A900F4E7AF /* Release */ = {
			isa = XCBuildConfiguration;
			buildSettings = {
				ALWAYS_SEARCH_USER_PATHS = NO;
				CLANG_CXX_LANGUAGE_STANDARD = "gnu++0x";
				CLANG_CXX_LIBRARY = "libc++";
				CLANG_ENABLE_MODULES = YES;
				CLANG_ENABLE_OBJC_ARC = YES;
				CLANG_WARN_BOOL_CONVERSION = YES;
				CLANG_WARN_CONSTANT_CONVERSION = YES;
				CLANG_WARN_DIRECT_OBJC_ISA_USAGE = YES_ERROR;
				CLANG_WARN_EMPTY_BODY = YES;
				CLANG_WARN_ENUM_CONVERSION = YES;
				CLANG_WARN_INT_CONVERSION = YES;
				CLANG_WARN_OBJC_ROOT_CLASS = YES_ERROR;
				CLANG_WARN__DUPLICATE_METHOD_MATCH = YES;
				"CODE_SIGN_IDENTITY[sdk=iphoneos*]" = "iPhone Developer";
				COPY_PHASE_STRIP = YES;
				ENABLE_NS_ASSERTIONS = NO;
				GCC_C_LANGUAGE_STANDARD = gnu99;
				GCC_WARN_64_TO_32_BIT_CONVERSION = YES;
				GCC_WARN_ABOUT_RETURN_TYPE = YES_ERROR;
				GCC_WARN_UNDECLARED_SELECTOR = YES;
				GCC_WARN_UNINITIALIZED_AUTOS = YES_AGGRESSIVE;
				GCC_WARN_UNUSED_FUNCTION = YES;
				GCC_WARN_UNUSED_VARIABLE = YES;
				IPHONEOS_DEPLOYMENT_TARGET = 7.1;
				SDKROOT = iphoneos;
				TARGETED_DEVICE_FAMILY = "1,2";
				VALIDATE_PRODUCT = YES;
			};
			name = Release;
		};
		BF0F40D118F9E5A900F4E7AF /* Debug */ = {
			isa = XCBuildConfiguration;
			buildSettings = {
				ASSETCATALOG_COMPILER_APPICON_NAME = AppIcon;
				ASSETCATALOG_COMPILER_LAUNCHIMAGE_NAME = LaunchImage;
				GCC_PRECOMPILE_PREFIX_HEADER = YES;
				GCC_PREFIX_HEADER = "Passes for Latemeal/Passes for Latemeal-Prefix.pch";
				INFOPLIST_FILE = "Passes for Latemeal/Passes for Latemeal-Info.plist";
				PRODUCT_NAME = "$(TARGET_NAME)";
				WRAPPER_EXTENSION = app;
			};
			name = Debug;
		};
		BF0F40D218F9E5A900F4E7AF /* Release */ = {
			isa = XCBuildConfiguration;
			buildSettings = {
				ASSETCATALOG_COMPILER_APPICON_NAME = AppIcon;
				ASSETCATALOG_COMPILER_LAUNCHIMAGE_NAME = LaunchImage;
				GCC_PRECOMPILE_PREFIX_HEADER = YES;
				GCC_PREFIX_HEADER = "Passes for Latemeal/Passes for Latemeal-Prefix.pch";
				INFOPLIST_FILE = "Passes for Latemeal/Passes for Latemeal-Info.plist";
				PRODUCT_NAME = "$(TARGET_NAME)";
				WRAPPER_EXTENSION = app;
			};
			name = Release;
		};
		BF0F40D418F9E5A900F4E7AF /* Debug */ = {
			isa = XCBuildConfiguration;
			buildSettings = {
				BUNDLE_LOADER = "$(BUILT_PRODUCTS_DIR)/Passes for Latemeal.app/Passes for Latemeal";
				FRAMEWORK_SEARCH_PATHS = (
					"$(SDKROOT)/Developer/Library/Frameworks",
					"$(inherited)",
					"$(DEVELOPER_FRAMEWORKS_DIR)",
				);
				GCC_PRECOMPILE_PREFIX_HEADER = YES;
				GCC_PREFIX_HEADER = "Passes for Latemeal/Passes for Latemeal-Prefix.pch";
				GCC_PREPROCESSOR_DEFINITIONS = (
					"DEBUG=1",
					"$(inherited)",
				);
				INFOPLIST_FILE = "Passes for LatemealTests/Passes for LatemealTests-Info.plist";
				PRODUCT_NAME = "$(TARGET_NAME)";
				TEST_HOST = "$(BUNDLE_LOADER)";
				WRAPPER_EXTENSION = xctest;
			};
			name = Debug;
		};
		BF0F40D518F9E5A900F4E7AF /* Release */ = {
			isa = XCBuildConfiguration;
			buildSettings = {
				BUNDLE_LOADER = "$(BUILT_PRODUCTS_DIR)/Passes for Latemeal.app/Passes for Latemeal";
				FRAMEWORK_SEARCH_PATHS = (
					"$(SDKROOT)/Developer/Library/Frameworks",
					"$(inherited)",
					"$(DEVELOPER_FRAMEWORKS_DIR)",
				);
				GCC_PRECOMPILE_PREFIX_HEADER = YES;
				GCC_PREFIX_HEADER = "Passes for Latemeal/Passes for Latemeal-Prefix.pch";
				INFOPLIST_FILE = "Passes for LatemealTests/Passes for LatemealTests-Info.plist";
				PRODUCT_NAME = "$(TARGET_NAME)";
				TEST_HOST = "$(BUNDLE_LOADER)";
				WRAPPER_EXTENSION = xctest;
			};
			name = Release;
		};
/* End XCBuildConfiguration section */

/* Begin XCConfigurationList section */
		BF0F409F18F9E5A900F4E7AF /* Build configuration list for PBXProject "Passes for Latemeal" */ = {
			isa = XCConfigurationList;
			buildConfigurations = (
				BF0F40CE18F9E5A900F4E7AF /* Debug */,
				BF0F40CF18F9E5A900F4E7AF /* Release */,
			);
			defaultConfigurationIsVisible = 0;
			defaultConfigurationName = Release;
		};
		BF0F40D018F9E5A900F4E7AF /* Build configuration list for PBXNativeTarget "Passes for Latemeal" */ = {
			isa = XCConfigurationList;
			buildConfigurations = (
				BF0F40D118F9E5A900F4E7AF /* Debug */,
				BF0F40D218F9E5A900F4E7AF /* Release */,
			);
			defaultConfigurationIsVisible = 0;
		};
		BF0F40D318F9E5A900F4E7AF /* Build configuration list for PBXNativeTarget "Passes for LatemealTests" */ = {
			isa = XCConfigurationList;
			buildConfigurations = (
				BF0F40D418F9E5A900F4E7AF /* Debug */,
				BF0F40D518F9E5A900F4E7AF /* Release */,
			);
			defaultConfigurationIsVisible = 0;
		};
/* End XCConfigurationList section */
	};
	rootObject = BF0F409C18F9E5A900F4E7AF /* Project object */;
}
